
Microsoft Visual Studio Solution File, Format Version 12.00
# Visual Studio Version 16
VisualStudioVersion = 16.0.31205.134
MinimumVisualStudioVersion = 10.0.40219.1
Project("{FAE04EC0-301F-11D3-BF4B-00C04F79EFBC}") = "ShopBridgeWebApp", "WebApplication1\ShopBridgeWebApp.csproj", "{091C503B-FE74-433E-B9FC-8E6115A1DAE7}"
EndProject
Global
	GlobalSection(SolutionConfigurationPlatforms) = preSolution
		Debug|Any CPU = Debug|Any CPU
		Release|Any CPU = Release|Any CPU
	EndGlobalSection
	GlobalSection(ProjectConfigurationPlatforms) = postSolution
		{091C503B-FE74-433E-B9FC-8E6115A1DAE7}.Debug|Any CPU.ActiveCfg = Debug|Any CPU
		{091C503B-FE74-433E-B9FC-8E6115A1DAE7}.Debug|Any CPU.Build.0 = Debug|Any CPU
		{091C503B-FE74-433E-B9FC-8E6115A1DAE7}.Release|Any CPU.ActiveCfg = Release|Any CPU
		{091C503B-FE74-433E-B9FC-8E6115A1DAE7}.Release|Any CPU.Build.0 = Release|Any CPU
	EndGlobalSection
	GlobalSection(SolutionProperties) = preSolution
		HideSolutionNode = FALSE
	EndGlobalSection
	GlobalSection(ExtensibilityGlobals) = postSolution
		SolutionGuid = {46A6E7F1-9FAF-4749-A662-038D2820F796}
	EndGlobalSection
EndGlobal
